
Microsoft Visual Studio Solution File, Format Version 12.00
# Visual Studio Version 16
VisualStudioVersion = 16.0.31729.503
MinimumVisualStudioVersion = 10.0.40219.1
Project("{9A19103F-16F7-4668-BE54-9A1E7A4F7556}") = "TestTask", "TestTask\TestTask.csproj", "{1105711B-8639-45A4-900D-ED9E45A7DC47}"
EndProject
Project("{9A19103F-16F7-4668-BE54-9A1E7A4F7556}") = "TestTaskModel", "TestTaskModel\TestTaskModel.csproj", "{2C9B46B0-CE15-4D35-8ADA-692297B82393}"
EndProject
Project("{9A19103F-16F7-4668-BE54-9A1E7A4F7556}") = "TestTaskUI", "TestTaskView\TestTaskUI.csproj", "{F71CDCD9-942C-4BE5-89CA-BBCBBFF8EBA1}"
EndProject
Global
	GlobalSection(SolutionConfigurationPlatforms) = preSolution
		Debug|Any CPU = Debug|Any CPU
		Release|Any CPU = Release|Any CPU
	EndGlobalSection
	GlobalSection(ProjectConfigurationPlatforms) = postSolution
		{1105711B-8639-45A4-900D-ED9E45A7DC47}.Debug|Any CPU.ActiveCfg = Debug|Any CPU
		{1105711B-8639-45A4-900D-ED9E45A7DC47}.Debug|Any CPU.Build.0 = Debug|Any CPU
		{1105711B-8639-45A4-900D-ED9E45A7DC47}.Release|Any CPU.ActiveCfg = Release|Any CPU
		{1105711B-8639-45A4-900D-ED9E45A7DC47}.Release|Any CPU.Build.0 = Release|Any CPU
		{2C9B46B0-CE15-4D35-8ADA-692297B82393}.Debug|Any CPU.ActiveCfg = Debug|Any CPU
		{2C9B46B0-CE15-4D35-8ADA-692297B82393}.Debug|Any CPU.Build.0 = Debug|Any CPU
		{2C9B46B0-CE15-4D35-8ADA-692297B82393}.Release|Any CPU.ActiveCfg = Release|Any CPU
		{2C9B46B0-CE15-4D35-8ADA-692297B82393}.Release|Any CPU.Build.0 = Release|Any CPU
		{F71CDCD9-942C-4BE5-89CA-BBCBBFF8EBA1}.Debug|Any CPU.ActiveCfg = Debug|Any CPU
		{F71CDCD9-942C-4BE5-89CA-BBCBBFF8EBA1}.Debug|Any CPU.Build.0 = Debug|Any CPU
		{F71CDCD9-942C-4BE5-89CA-BBCBBFF8EBA1}.Release|Any CPU.ActiveCfg = Release|Any CPU
		{F71CDCD9-942C-4BE5-89CA-BBCBBFF8EBA1}.Release|Any CPU.Build.0 = Release|Any CPU
	EndGlobalSection
	GlobalSection(SolutionProperties) = preSolution
		HideSolutionNode = FALSE
	EndGlobalSection
	GlobalSection(ExtensibilityGlobals) = postSolution
		SolutionGuid = {15579A8B-D26D-4385-A554-D6BD8A1947E0}
	EndGlobalSection
EndGlobal
